
Microsoft Visual Studio Solution File, Format Version 12.00
Project("{FAE04EC0-301F-11D3-BF4B-00C04F79EFBC}") = "Backend", "Backend\Backend.csproj", "{36432240-CF52-46AB-A57D-B7C510968546}"
EndProject
Project("{FAE04EC0-301F-11D3-BF4B-00C04F79EFBC}") = "BackendApi", "BackendApi\BackendApi.csproj", "{4D97B3F7-2061-4D7E-AADF-57EA5E12BB55}"
EndProject
Global
	GlobalSection(SolutionConfigurationPlatforms) = preSolution
		Debug|Any CPU = Debug|Any CPU
		Release|Any CPU = Release|Any CPU
	EndGlobalSection
	GlobalSection(ProjectConfigurationPlatforms) = postSolution
		{36432240-CF52-46AB-A57D-B7C510968546}.Debug|Any CPU.ActiveCfg = Debug|Any CPU
		{36432240-CF52-46AB-A57D-B7C510968546}.Debug|Any CPU.Build.0 = Debug|Any CPU
		{36432240-CF52-46AB-A57D-B7C510968546}.Release|Any CPU.ActiveCfg = Release|Any CPU
		{36432240-CF52-46AB-A57D-B7C510968546}.Release|Any CPU.Build.0 = Release|Any CPU
		{4D97B3F7-2061-4D7E-AADF-57EA5E12BB55}.Debug|Any CPU.ActiveCfg = Debug|Any CPU
		{4D97B3F7-2061-4D7E-AADF-57EA5E12BB55}.Debug|Any CPU.Build.0 = Debug|Any CPU
		{4D97B3F7-2061-4D7E-AADF-57EA5E12BB55}.Release|Any CPU.ActiveCfg = Release|Any CPU
		{4D97B3F7-2061-4D7E-AADF-57EA5E12BB55}.Release|Any CPU.Build.0 = Release|Any CPU
	EndGlobalSection
EndGlobal
